
Microsoft Visual Studio Solution File, Format Version 12.00
# Visual Studio Version 16
VisualStudioVersion = 16.0.30907.101
MinimumVisualStudioVersion = 10.0.40219.1
Project("{FAE04EC0-301F-11D3-BF4B-00C04F79EFBC}") = "ClassMetotDemo", "ClassMetotDemo\ClassMetotDemo.csproj", "{C0A2C58D-42CF-4EC9-A0EA-06B65786B563}"
EndProject
Global
	GlobalSection(SolutionConfigurationPlatforms) = preSolution
		Debug|Any CPU = Debug|Any CPU
		Release|Any CPU = Release|Any CPU
	EndGlobalSection
	GlobalSection(ProjectConfigurationPlatforms) = postSolution
		{C0A2C58D-42CF-4EC9-A0EA-06B65786B563}.Debug|Any CPU.ActiveCfg = Debug|Any CPU
		{C0A2C58D-42CF-4EC9-A0EA-06B65786B563}.Debug|Any CPU.Build.0 = Debug|Any CPU
		{C0A2C58D-42CF-4EC9-A0EA-06B65786B563}.Release|Any CPU.ActiveCfg = Release|Any CPU
		{C0A2C58D-42CF-4EC9-A0EA-06B65786B563}.Release|Any CPU.Build.0 = Release|Any CPU
	EndGlobalSection
	GlobalSection(SolutionProperties) = preSolution
		HideSolutionNode = FALSE
	EndGlobalSection
	GlobalSection(ExtensibilityGlobals) = postSolution
		SolutionGuid = {EFA8B682-109E-41B7-89F5-4DAAA3418608}
	EndGlobalSection
EndGlobal
